
Microsoft Visual Studio Solution File, Format Version 12.00
# Visual Studio Version 16
VisualStudioVersion = 25.0.1705.0
MinimumVisualStudioVersion = 10.0.40219.1
Project("{FAE04EC0-301F-11D3-BF4B-00C04F79EFBC}") = "3", "3\3.csproj", "{8F850C65-8465-4D6F-9246-520BD1A4689E}"
EndProject
Global
	GlobalSection(SolutionConfigurationPlatforms) = preSolution
		Debug|Any CPU = Debug|Any CPU
		Release|Any CPU = Release|Any CPU
	EndGlobalSection
	GlobalSection(ProjectConfigurationPlatforms) = postSolution
		{8F850C65-8465-4D6F-9246-520BD1A4689E}.Debug|Any CPU.ActiveCfg = Debug|Any CPU
		{8F850C65-8465-4D6F-9246-520BD1A4689E}.Debug|Any CPU.Build.0 = Debug|Any CPU
		{8F850C65-8465-4D6F-9246-520BD1A4689E}.Release|Any CPU.ActiveCfg = Release|Any CPU
		{8F850C65-8465-4D6F-9246-520BD1A4689E}.Release|Any CPU.Build.0 = Release|Any CPU
	EndGlobalSection
	GlobalSection(SolutionProperties) = preSolution
		HideSolutionNode = FALSE
	EndGlobalSection
	GlobalSection(ExtensibilityGlobals) = postSolution
		SolutionGuid = {EE45C6C5-8F92-47F4-9D67-15945D9309EE}
	EndGlobalSection
EndGlobal
